
Microsoft Visual Studio Solution File, Format Version 12.00
# Visual Studio Version 16
VisualStudioVersion = 16.0.30804.86
MinimumVisualStudioVersion = 10.0.40219.1
Project("{FAE04EC0-301F-11D3-BF4B-00C04F79EFBC}") = "WF_003", "WF_003\WF_003.csproj", "{9D75E294-6ED9-416E-81AD-CDAFDE5E0702}"
EndProject
Global
	GlobalSection(SolutionConfigurationPlatforms) = preSolution
		Debug|Any CPU = Debug|Any CPU
		Release|Any CPU = Release|Any CPU
	EndGlobalSection
	GlobalSection(ProjectConfigurationPlatforms) = postSolution
		{9D75E294-6ED9-416E-81AD-CDAFDE5E0702}.Debug|Any CPU.ActiveCfg = Debug|Any CPU
		{9D75E294-6ED9-416E-81AD-CDAFDE5E0702}.Debug|Any CPU.Build.0 = Debug|Any CPU
		{9D75E294-6ED9-416E-81AD-CDAFDE5E0702}.Release|Any CPU.ActiveCfg = Release|Any CPU
		{9D75E294-6ED9-416E-81AD-CDAFDE5E0702}.Release|Any CPU.Build.0 = Release|Any CPU
	EndGlobalSection
	GlobalSection(SolutionProperties) = preSolution
		HideSolutionNode = FALSE
	EndGlobalSection
	GlobalSection(ExtensibilityGlobals) = postSolution
		SolutionGuid = {08281EFE-91E9-4AFD-B854-9EDE860112B1}
	EndGlobalSection
EndGlobal
