
Microsoft Visual Studio Solution File, Format Version 12.00
# Visual Studio Version 16
VisualStudioVersion = 16.0.30804.86
MinimumVisualStudioVersion = 10.0.40219.1
Project("{FAE04EC0-301F-11D3-BF4B-00C04F79EFBC}") = "WF_002", "WF_002\WF_002.csproj", "{74D05F88-5715-4530-A42C-29053F42B4B9}"
EndProject
Project("{FAE04EC0-301F-11D3-BF4B-00C04F79EFBC}") = "WF_001", "..\WF_001\WF_001\WF_001.csproj", "{83B10BD5-A44D-4919-81D7-AAE47825F954}"
EndProject
Global
	GlobalSection(SolutionConfigurationPlatforms) = preSolution
		Debug|Any CPU = Debug|Any CPU
		Release|Any CPU = Release|Any CPU
	EndGlobalSection
	GlobalSection(ProjectConfigurationPlatforms) = postSolution
		{74D05F88-5715-4530-A42C-29053F42B4B9}.Debug|Any CPU.ActiveCfg = Debug|Any CPU
		{74D05F88-5715-4530-A42C-29053F42B4B9}.Debug|Any CPU.Build.0 = Debug|Any CPU
		{74D05F88-5715-4530-A42C-29053F42B4B9}.Release|Any CPU.ActiveCfg = Release|Any CPU
		{74D05F88-5715-4530-A42C-29053F42B4B9}.Release|Any CPU.Build.0 = Release|Any CPU
		{83B10BD5-A44D-4919-81D7-AAE47825F954}.Debug|Any CPU.ActiveCfg = Debug|Any CPU
		{83B10BD5-A44D-4919-81D7-AAE47825F954}.Debug|Any CPU.Build.0 = Debug|Any CPU
		{83B10BD5-A44D-4919-81D7-AAE47825F954}.Release|Any CPU.ActiveCfg = Release|Any CPU
		{83B10BD5-A44D-4919-81D7-AAE47825F954}.Release|Any CPU.Build.0 = Release|Any CPU
	EndGlobalSection
	GlobalSection(SolutionProperties) = preSolution
		HideSolutionNode = FALSE
	EndGlobalSection
	GlobalSection(ExtensibilityGlobals) = postSolution
		SolutionGuid = {73F144C4-257C-49BD-A06D-C5F0C769E2D3}
	EndGlobalSection
EndGlobal
